
Microsoft Visual Studio Solution File, Format Version 12.00
# Visual Studio 15
VisualStudioVersion = 15.0.28307.136
MinimumVisualStudioVersion = 10.0.40219.1
Project("{FAE04EC0-301F-11D3-BF4B-00C04F79EFBC}") = "NServiceBus7Sender", "NServiceBus7Sender\NServiceBus7Sender.csproj", "{0B83D6B2-5993-4E2B-8040-E71B6E2477C6}"
EndProject
Project("{FAE04EC0-301F-11D3-BF4B-00C04F79EFBC}") = "NServiceBus5Receiver", "NServiceBus5Receiver\NServiceBus5Receiver.csproj", "{22907B85-89C6-4CD8-9F4E-707202892746}"
EndProject
Project("{FAE04EC0-301F-11D3-BF4B-00C04F79EFBC}") = "Messages", "Messages\Messages.csproj", "{A3561446-7475-43F4-B6BF-47D42F6B90E1}"
EndProject
Global
	GlobalSection(SolutionConfigurationPlatforms) = preSolution
		Debug|Any CPU = Debug|Any CPU
		Release|Any CPU = Release|Any CPU
	EndGlobalSection
	GlobalSection(ProjectConfigurationPlatforms) = postSolution
		{0B83D6B2-5993-4E2B-8040-E71B6E2477C6}.Debug|Any CPU.ActiveCfg = Debug|Any CPU
		{0B83D6B2-5993-4E2B-8040-E71B6E2477C6}.Debug|Any CPU.Build.0 = Debug|Any CPU
		{0B83D6B2-5993-4E2B-8040-E71B6E2477C6}.Release|Any CPU.ActiveCfg = Release|Any CPU
		{0B83D6B2-5993-4E2B-8040-E71B6E2477C6}.Release|Any CPU.Build.0 = Release|Any CPU
		{22907B85-89C6-4CD8-9F4E-707202892746}.Debug|Any CPU.ActiveCfg = Debug|Any CPU
		{22907B85-89C6-4CD8-9F4E-707202892746}.Debug|Any CPU.Build.0 = Debug|Any CPU
		{22907B85-89C6-4CD8-9F4E-707202892746}.Release|Any CPU.ActiveCfg = Release|Any CPU
		{22907B85-89C6-4CD8-9F4E-707202892746}.Release|Any CPU.Build.0 = Release|Any CPU
		{A3561446-7475-43F4-B6BF-47D42F6B90E1}.Debug|Any CPU.ActiveCfg = Debug|Any CPU
		{A3561446-7475-43F4-B6BF-47D42F6B90E1}.Debug|Any CPU.Build.0 = Debug|Any CPU
		{A3561446-7475-43F4-B6BF-47D42F6B90E1}.Release|Any CPU.ActiveCfg = Release|Any CPU
		{A3561446-7475-43F4-B6BF-47D42F6B90E1}.Release|Any CPU.Build.0 = Release|Any CPU
	EndGlobalSection
	GlobalSection(SolutionProperties) = preSolution
		HideSolutionNode = FALSE
	EndGlobalSection
	GlobalSection(ExtensibilityGlobals) = postSolution
		SolutionGuid = {1817E25D-4EBA-47CE-936E-8C68E8CC95CF}
	EndGlobalSection
EndGlobal
